Microsoft Visual Studio Solution File, Format Version 12.00
# Visual Studio Version 16
VisualStudioVersion = 16.0.32901.82
MinimumVisualStudioVersion = 10.0.40219.1
Project("{9A19103F-16F7-4668-BE54-9A1E7A4F7556}") = "Kunde-SPA-Routing", "Kunde-SPA-Routing\Kunde-SPA-Routing.csproj", "{ACB74181-4626-457D-8F75-254055E59D08}"
EndProject
Project("{FAE04EC0-301F-11D3-BF4B-00C04F79EFBC}") = "UFOSPATEST", "UFOSPATEST\UFOSPATEST.csproj", "{156958BC-E14F-44B6-A363-B4DC564FE6E4}"
EndProject
Global
	GlobalSection(SolutionConfigurationPlatforms) = preSolution
		Debug|Any CPU = Debug|Any CPU
		Release|Any CPU = Release|Any CPU
	EndGlobalSection
	GlobalSection(ProjectConfigurationPlatforms) = postSolution
		{ACB74181-4626-457D-8F75-254055E59D08}.Debug|Any CPU.ActiveCfg = Debug|Any CPU
		{ACB74181-4626-457D-8F75-254055E59D08}.Debug|Any CPU.Build.0 = Debug|Any CPU
		{ACB74181-4626-457D-8F75-254055E59D08}.Release|Any CPU.ActiveCfg = Release|Any CPU
		{ACB74181-4626-457D-8F75-254055E59D08}.Release|Any CPU.Build.0 = Release|Any CPU
		{156958BC-E14F-44B6-A363-B4DC564FE6E4}.Debug|Any CPU.ActiveCfg = Debug|Any CPU
		{156958BC-E14F-44B6-A363-B4DC564FE6E4}.Debug|Any CPU.Build.0 = Debug|Any CPU
		{156958BC-E14F-44B6-A363-B4DC564FE6E4}.Release|Any CPU.ActiveCfg = Release|Any CPU
		{156958BC-E14F-44B6-A363-B4DC564FE6E4}.Release|Any CPU.Build.0 = Release|Any CPU
	EndGlobalSection
	GlobalSection(SolutionProperties) = preSolution
		HideSolutionNode = FALSE
	EndGlobalSection
	GlobalSection(ExtensibilityGlobals) = postSolution
		SolutionGuid = {2FB541F9-6B2C-41EB-BB27-DAA5B73D1D30}
	EndGlobalSection
EndGlobal
